
Microsoft Visual Studio Solution File, Format Version 12.00
# Visual Studio 14
VisualStudioVersion = 14.0.25420.1
MinimumVisualStudioVersion = 10.0.40219.1
Project("{FAE04EC0-301F-11D3-BF4B-00C04F79EFBC}") = "Temp", "Temp\Temp.csproj", "{9CA182E2-8885-4DE5-8FEB-BF7D489209D5}"
EndProject
Global
	GlobalSection(SolutionConfigurationPlatforms) = preSolution
		Debug|Any CPU = Debug|Any CPU
		Release|Any CPU = Release|Any CPU
	EndGlobalSection
	GlobalSection(ProjectConfigurationPlatforms) = postSolution
		{9CA182E2-8885-4DE5-8FEB-BF7D489209D5}.Debug|Any CPU.ActiveCfg = Debug|Any CPU
		{9CA182E2-8885-4DE5-8FEB-BF7D489209D5}.Debug|Any CPU.Build.0 = Debug|Any CPU
		{9CA182E2-8885-4DE5-8FEB-BF7D489209D5}.Release|Any CPU.ActiveCfg = Release|Any CPU
		{9CA182E2-8885-4DE5-8FEB-BF7D489209D5}.Release|Any CPU.Build.0 = Release|Any CPU
	EndGlobalSection
	GlobalSection(SolutionProperties) = preSolution
		HideSolutionNode = FALSE
	EndGlobalSection
EndGlobal
