
Microsoft Visual Studio Solution File, Format Version 12.00
# Visual Studio 14
VisualStudioVersion = 14.0.25420.1
MinimumVisualStudioVersion = 10.0.40219.1
Project("{FAE04EC0-301F-11D3-BF4B-00C04F79EFBC}") = "_Calculator", "Calculator\_Calculator.csproj", "{0576A136-6541-4344-977B-A7CFB7EFDDC8}"
EndProject
Project("{FAE04EC0-301F-11D3-BF4B-00C04F79EFBC}") = "Caculator.Tests", "Caculator.Tests\Caculator.Tests.csproj", "{D21044B7-37C6-49D4-B481-7207B56CE2A9}"
EndProject
Global
	GlobalSection(SolutionConfigurationPlatforms) = preSolution
		Debug|Any CPU = Debug|Any CPU
		Release|Any CPU = Release|Any CPU
	EndGlobalSection
	GlobalSection(ProjectConfigurationPlatforms) = postSolution
		{0576A136-6541-4344-977B-A7CFB7EFDDC8}.Debug|Any CPU.ActiveCfg = Debug|Any CPU
		{0576A136-6541-4344-977B-A7CFB7EFDDC8}.Debug|Any CPU.Build.0 = Debug|Any CPU
		{0576A136-6541-4344-977B-A7CFB7EFDDC8}.Release|Any CPU.ActiveCfg = Release|Any CPU
		{0576A136-6541-4344-977B-A7CFB7EFDDC8}.Release|Any CPU.Build.0 = Release|Any CPU
		{D21044B7-37C6-49D4-B481-7207B56CE2A9}.Debug|Any CPU.ActiveCfg = Debug|Any CPU
		{D21044B7-37C6-49D4-B481-7207B56CE2A9}.Debug|Any CPU.Build.0 = Debug|Any CPU
		{D21044B7-37C6-49D4-B481-7207B56CE2A9}.Release|Any CPU.ActiveCfg = Release|Any CPU
		{D21044B7-37C6-49D4-B481-7207B56CE2A9}.Release|Any CPU.Build.0 = Release|Any CPU
	EndGlobalSection
	GlobalSection(SolutionProperties) = preSolution
		HideSolutionNode = FALSE
	EndGlobalSection
EndGlobal
